
Microsoft Visual Studio Solution File, Format Version 12.00
# Visual Studio Version 16
VisualStudioVersion = 16.0.29306.81
MinimumVisualStudioVersion = 10.0.40219.1
Project("{FAE04EC0-301F-11D3-BF4B-00C04F79EFBC}") = "DefaultTemplatesObserver", "DefaultTemplatesObserver\DefaultTemplatesObserver.csproj", "{28FF3A08-036A-416A-9B95-379DEA269C3F}"
EndProject
Global
	GlobalSection(SolutionConfigurationPlatforms) = preSolution
		Debug|Any CPU = Debug|Any CPU
		Release|Any CPU = Release|Any CPU
	EndGlobalSection
	GlobalSection(ProjectConfigurationPlatforms) = postSolution
		{28FF3A08-036A-416A-9B95-379DEA269C3F}.Debug|Any CPU.ActiveCfg = Debug|Any CPU
		{28FF3A08-036A-416A-9B95-379DEA269C3F}.Debug|Any CPU.Build.0 = Debug|Any CPU
		{28FF3A08-036A-416A-9B95-379DEA269C3F}.Release|Any CPU.ActiveCfg = Release|Any CPU
		{28FF3A08-036A-416A-9B95-379DEA269C3F}.Release|Any CPU.Build.0 = Release|Any CPU
	EndGlobalSection
	GlobalSection(SolutionProperties) = preSolution
		HideSolutionNode = FALSE
	EndGlobalSection
	GlobalSection(ExtensibilityGlobals) = postSolution
		SolutionGuid = {14D58305-2FB7-45CF-97D9-9D20254A9912}
	EndGlobalSection
EndGlobal
